// !$*UTF8*$!
{
	archiveVersion = 1;
	classes = {
	};
	objectVersion = 48;
	objects = {

/* Begin PBXBuildFile section */
		56B5B7331F2D1EF700768887 /* AppDelegate.swift in Sources */ = {isa = PBXBuildFile; fileRef = 56B5B7321F2D1EF700768887 /* AppDelegate.swift */; };
		56B5B7351F2D1EF700768887 /* ViewController.swift in Sources */ = {isa = PBXBuildFile; fileRef = 56B5B7341F2D1EF700768887 /* ViewController.swift */; };
		56B5B7381F2D1EF700768887 /* Main.storyboard in Resources */ = {isa = PBXBuildFile; fileRef = 56B5B7361F2D1EF700768887 /* Main.storyboard */; };
		56B5B73A1F2D1EF700768887 /* Assets.xcassets in Resources */ = {isa = PBXBuildFile; fileRef = 56B5B7391F2D1EF700768887 /* Assets.xcassets */; };
		56B5B73D1F2D1EF700768887 /* LaunchScreen.storyboard in Resources */ = {isa = PBXBuildFile; fileRef = 56B5B73B1F2D1EF700768887 /* LaunchScreen.storyboard */; };
		56B5B7481F2D1EF700768887 /* eins_zwei_drei_appTests.swift in Sources */ = {isa = PBXBuildFile; fileRef = 56B5B7471F2D1EF700768887 /* eins_zwei_drei_appTests.swift */; };
		56B5B7531F2D1EF700768887 /* eins_zwei_drei_appUITests.swift in Sources */ = {isa = PBXBuildFile; fileRef = 56B5B7521F2D1EF700768887 /* eins_zwei_drei_appUITests.swift */; };
/* End PBXBuildFile section */

/* Begin PBXContainerItemProxy section */
		56B5B7441F2D1EF700768887 /* PBXContainerItemProxy */ = {
			isa = PBXContainerItemProxy;
			containerPortal = 56B5B7271F2D1EF600768887 /* Project object */;
			proxyType = 1;
			remoteGlobalIDString = 56B5B72E1F2D1EF700768887;
			remoteInfo = "eins zwei drei app";
		};
		56B5B74F1F2D1EF700768887 /* PBXContainerItemProxy */ = {
			isa = PBXContainerItemProxy;
			containerPortal = 56B5B7271F2D1EF600768887 /* Project object */;
			proxyType = 1;
			remoteGlobalIDString = 56B5B72E1F2D1EF700768887;
			remoteInfo = "eins zwei drei app";
		};
/* End PBXContainerItemProxy section */

/* Begin PBXFileReference section */
		56B5B72F1F2D1EF700768887 /* eins zwei drei app.app */ = {isa = PBXFileReference; explicitFileType = wrapper.application; includeInIndex = 0; path = "eins zwei drei app.app"; sourceTree = BUILT_PRODUCTS_DIR; };
		56B5B7321F2D1EF700768887 /* AppDelegate.swift */ = {isa = PBXFileReference; lastKnownFileType = sourcecode.swift; path = AppDelegate.swift; sourceTree = "<group>"; };
		56B5B7341F2D1EF700768887 /* ViewController.swift */ = {isa = PBXFileReference; lastKnownFileType = sourcecode.swift; path = ViewController.swift; sourceTree = "<group>"; };
		56B5B7371F2D1EF700768887 /* Base */ = {isa = PBXFileReference; lastKnownFileType = file.storyboard; name = Base; path = Base.lproj/Main.storyboard; sourceTree = "<group>"; };
		56B5B7391F2D1EF700768887 /* Assets.xcassets */ = {isa = PBXFileReference; lastKnownFileType = folder.assetcatalog; path = Assets.xcassets; sourceTree = "<group>"; };
		56B5B73C1F2D1EF700768887 /* Base */ = {isa = PBXFileReference; lastKnownFileType = file.storyboard; name = Base; path = Base.lproj/LaunchScreen.storyboard; sourceTree = "<group>"; };
		56B5B73E1F2D1EF700768887 /* Info.plist */ = {isa = PBXFileReference; lastKnownFileType = text.plist.xml; path = Info.plist; sourceTree = "<group>"; };
		56B5B7431F2D1EF700768887 /* eins zwei drei appTests.xctest */ = {isa = PBXFileReference; explicitFileType = wrapper.cfbundle; includeInIndex = 0; path = "eins zwei drei appTests.xctest"; sourceTree = BUILT_PRODUCTS_DIR; };
		56B5B7471F2D1EF700768887 /* eins_zwei_drei_appTests.swift */ = {isa = PBXFileReference; lastKnownFileType = sourcecode.swift; path = eins_zwei_drei_appTests.swift; sourceTree = "<group>"; };
		56B5B7491F2D1EF700768887 /* Info.plist */ = {isa = PBXFileReference; lastKnownFileType = text.plist.xml; path = Info.plist; sourceTree = "<group>"; };
		56B5B74E1F2D1EF700768887 /* eins zwei drei appUITests.xctest */ = {isa = PBXFileReference; explicitFileType = wrapper.cfbundle; includeInIndex = 0; path = "eins zwei drei appUITests.xctest"; sourceTree = BUILT_PRODUCTS_DIR; };
		56B5B7521F2D1EF700768887 /* eins_zwei_drei_appUITests.swift */ = {isa = PBXFileReference; lastKnownFileType = sourcecode.swift; path = eins_zwei_drei_appUITests.swift; sourceTree = "<group>"; };
		56B5B7541F2D1EF700768887 /* Info.plist */ = {isa = PBXFileReference; lastKnownFileType = text.plist.xml; path = Info.plist; sourceTree = "<group>"; };
/* End PBXFileReference section */

/* Begin PBXFrameworksBuildPhase section */
		56B5B72C1F2D1EF700768887 /* Frameworks */ = {
			isa = PBXFrameworksBuildPhase;
			buildActionMask = 2147483647;
			files = (
			);
			runOnlyForDeploymentPostprocessing = 0;
		};
		56B5B7401F2D1EF700768887 /* Frameworks */ = {
			isa = PBXFrameworksBuildPhase;
			buildActionMask = 2147483647;
			files = (
			);
			runOnlyForDeploymentPostprocessing = 0;
		};
		56B5B74B1F2D1EF700768887 /* Frameworks */ = {
			isa = PBXFrameworksBuildPhase;
			buildActionMask = 2147483647;
			files = (
			);
			runOnlyForDeploymentPostprocessing = 0;
		};
/* End PBXFrameworksBuildPhase section */

/* Begin PBXGroup section */
		56B5B7261F2D1EF600768887 = {
			isa = PBXGroup;
			children = (
				56B5B7311F2D1EF700768887 /* eins zwei drei app */,
				56B5B7461F2D1EF700768887 /* eins zwei drei appTests */,
				56B5B7511F2D1EF700768887 /* eins zwei drei appUITests */,
				56B5B7301F2D1EF700768887 /* Products */,
			);
			sourceTree = "<group>";
		};
		56B5B7301F2D1EF700768887 /* Products */ = {
			isa = PBXGroup;
			children = (
				56B5B72F1F2D1EF700768887 /* eins zwei drei app.app */,
				56B5B7431F2D1EF700768887 /* eins zwei drei appTests.xctest */,
				56B5B74E1F2D1EF700768887 /* eins zwei drei appUITests.xctest */,
			);
			name = Products;
			sourceTree = "<group>";
		};
		56B5B7311F2D1EF700768887 /* eins zwei drei app */ = {
			isa = PBXGroup;
			children = (
				56B5B7321F2D1EF700768887 /* AppDelegate.swift */,
				56B5B7341F2D1EF700768887 /* ViewController.swift */,
				56B5B7361F2D1EF700768887 /* Main.storyboard */,
				56B5B7391F2D1EF700768887 /* Assets.xcassets */,
				56B5B73B1F2D1EF700768887 /* LaunchScreen.storyboard */,
				56B5B73E1F2D1EF700768887 /* Info.plist */,
			);
			path = "eins zwei drei app";
			sourceTree = "<group>";
		};
		56B5B7461F2D1EF700768887 /* eins zwei drei appTests */ = {
			isa = PBXGroup;
			children = (
				56B5B7471F2D1EF700768887 /* eins_zwei_drei_appTests.swift */,
				56B5B7491F2D1EF700768887 /* Info.plist */,
			);
			path = "eins zwei drei appTests";
			sourceTree = "<group>";
		};
		56B5B7511F2D1EF700768887 /* eins zwei drei appUITests */ = {
			isa = PBXGroup;
			children = (
				56B5B7521F2D1EF700768887 /* eins_zwei_drei_appUITests.swift */,
				56B5B7541F2D1EF700768887 /* Info.plist */,
			);
			path = "eins zwei drei appUITests";
			sourceTree = "<group>";
		};
/* End PBXGroup section */

/* Begin PBXNativeTarget section */
		56B5B72E1F2D1EF700768887 /* eins zwei drei app */ = {
			isa = PBXNativeTarget;
			buildConfigurationList = 56B5B7571F2D1EF700768887 /* Build configuration list for PBXNativeTarget "eins zwei drei app" */;
			buildPhases = (
				56B5B72B1F2D1EF700768887 /* Sources */,
				56B5B72C1F2D1EF700768887 /* Frameworks */,
				56B5B72D1F2D1EF700768887 /* Resources */,
			);
			buildRules = (
			);
			dependencies = (
			);
			name = "eins zwei drei app";
			productName = "eins zwei drei app";
			productReference = 56B5B72F1F2D1EF700768887 /* eins zwei drei app.app */;
			productType = "com.apple.product-type.application";
		};
		56B5B7421F2D1EF700768887 /* eins zwei drei appTests */ = {
			isa = PBXNativeTarget;
			buildConfigurationList = 56B5B75A1F2D1EF700768887 /* Build configuration list for PBXNativeTarget "eins zwei drei appTests" */;
			buildPhases = (
				56B5B73F1F2D1EF700768887 /* Sources */,
				56B5B7401F2D1EF700768887 /* Frameworks */,
				56B5B7411F2D1EF700768887 /* Resources */,
			);
			buildRules = (
			);
			dependencies = (
				56B5B7451F2D1EF700768887 /* PBXTargetDependency */,
			);
			name = "eins zwei drei appTests";
			productName = "eins zwei drei appTests";
			productReference = 56B5B7431F2D1EF700768887 /* eins zwei drei appTests.xctest */;
			productType = "com.apple.product-type.bundle.unit-test";
		};
		56B5B74D1F2D1EF700768887 /* eins zwei drei appUITests */ = {
			isa = PBXNativeTarget;
			buildConfigurationList = 56B5B75D1F2D1EF700768887 /* Build configuration list for PBXNativeTarget "eins zwei drei appUITests" */;
			buildPhases = (
				56B5B74A1F2D1EF700768887 /* Sources */,
				56B5B74B1F2D1EF700768887 /* Frameworks */,
				56B5B74C1F2D1EF700768887 /* Resources */,
			);
			buildRules = (
			);
			dependencies = (
				56B5B7501F2D1EF700768887 /* PBXTargetDependency */,
			);
			name = "eins zwei drei appUITests";
			productName = "eins zwei drei appUITests";
			productReference = 56B5B74E1F2D1EF700768887 /* eins zwei drei appUITests.xctest */;
			productType = "com.apple.product-type.bundle.ui-testing";
		};
/* End PBXNativeTarget section */

/* Begin PBXProject section */
		56B5B7271F2D1EF600768887 /* Project object */ = {
			isa = PBXProject;
			attributes = {
				LastSwiftUpdateCheck = 0900;
				LastUpgradeCheck = 0900;
				ORGANIZATIONNAME = "Charles Kenney";
				TargetAttributes = {
					56B5B72E1F2D1EF700768887 = {
						CreatedOnToolsVersion = 9.0;
					};
					56B5B7421F2D1EF700768887 = {
						CreatedOnToolsVersion = 9.0;
						TestTargetID = 56B5B72E1F2D1EF700768887;
					};
					56B5B74D1F2D1EF700768887 = {
						CreatedOnToolsVersion = 9.0;
						TestTargetID = 56B5B72E1F2D1EF700768887;
					};
				};
			};
			buildConfigurationList = 56B5B72A1F2D1EF600768887 /* Build configuration list for PBXProject "eins zwei drei app" */;
			compatibilityVersion = "Xcode 8.0";
			developmentRegion = en;
			hasScannedForEncodings = 0;
			knownRegions = (
				en,
				Base,
			);
			mainGroup = 56B5B7261F2D1EF600768887;
			productRefGroup = 56B5B7301F2D1EF700768887 /* Products */;
			projectDirPath = "";
			projectRoot = "";
			targets = (
				56B5B72E1F2D1EF700768887 /* eins zwei drei app */,
				56B5B7421F2D1EF700768887 /* eins zwei drei appTests */,
				56B5B74D1F2D1EF700768887 /* eins zwei drei appUITests */,
			);
		};
/* End PBXProject section */

/* Begin PBXResourcesBuildPhase section */
		56B5B72D1F2D1EF700768887 /* Resources */ = {
			isa = PBXResourcesBuildPhase;
			buildActionMask = 2147483647;
			files = (
				56B5B73D1F2D1EF700768887 /* LaunchScreen.storyboard in Resources */,
				56B5B73A1F2D1EF700768887 /* Assets.xcassets in Resources */,
				56B5B7381F2D1EF700768887 /* Main.storyboard in Resources */,
			);
			runOnlyForDeploymentPostprocessing = 0;
		};
		56B5B7411F2D1EF700768887 /* Resources */ = {
			isa = PBXResourcesBuildPhase;
			buildActionMask = 2147483647;
			files = (
			);
			runOnlyForDeploymentPostprocessing = 0;
		};
		56B5B74C1F2D1EF700768887 /* Resources */ = {
			isa = PBXResourcesBuildPhase;
			buildActionMask = 2147483647;
			files = (
			);
			runOnlyForDeploymentPostprocessing = 0;
		};
/* End PBXResourcesBuildPhase section */

/* Begin PBXSourcesBuildPhase section */
		56B5B72B1F2D1EF700768887 /* Sources */ = {
			isa = PBXSourcesBuildPhase;
			buildActionMask = 2147483647;
			files = (
				56B5B7351F2D1EF700768887 /* ViewController.swift in Sources */,
				56B5B7331F2D1EF700768887 /* AppDelegate.swift in Sources */,
			);
			runOnlyForDeploymentPostprocessing = 0;
		};
		56B5B73F1F2D1EF700768887 /* Sources */ = {
			isa = PBXSourcesBuildPhase;
			buildActionMask = 2147483647;
			files = (
				56B5B7481F2D1EF700768887 /* eins_zwei_drei_appTests.swift in Sources */,
			);
			runOnlyForDeploymentPostprocessing = 0;
		};
		56B5B74A1F2D1EF700768887 /* Sources */ = {
			isa = PBXSourcesBuildPhase;
			buildActionMask = 2147483647;
			files = (
				56B5B7531F2D1EF700768887 /* eins_zwei_drei_appUITests.swift in Sources */,
			);
			runOnlyForDeploymentPostprocessing = 0;
		};
/* End PBXSourcesBuildPhase section */

/* Begin PBXTargetDependency section */
		56B5B7451F2D1EF700768887 /* PBXTargetDependency */ = {
			isa = PBXTargetDependency;
			target = 56B5B72E1F2D1EF700768887 /* eins zwei drei app */;
			targetProxy = 56B5B7441F2D1EF700768887 /* PBXContainerItemProxy */;
		};
		56B5B7501F2D1EF700768887 /* PBXTargetDependency */ = {
			isa = PBXTargetDependency;
			target = 56B5B72E1F2D1EF700768887 /* eins zwei drei app */;
			targetProxy = 56B5B74F1F2D1EF700768887 /* PBXContainerItemProxy */;
		};
/* End PBXTargetDependency section */

/* Begin PBXVariantGroup section */
		56B5B7361F2D1EF700768887 /* Main.storyboard */ = {
			isa = PBXVariantGroup;
			children = (
				56B5B7371F2D1EF700768887 /* Base */,
			);
			name = Main.storyboard;
			sourceTree = "<group>";
		};
		56B5B73B1F2D1EF700768887 /* LaunchScreen.storyboard */ = {
			isa = PBXVariantGroup;
			children = (
				56B5B73C1F2D1EF700768887 /* Base */,
			);
			name = LaunchScreen.storyboard;
			sourceTree = "<group>";
		};
/* End PBXVariantGroup section */

/* Begin XCBuildConfiguration section */
		56B5B7551F2D1EF700768887 /* Debug */ = {
			isa = XCBuildConfiguration;
			buildSettings = {
				ALWAYS_SEARCH_USER_PATHS = NO;
				CLANG_ANALYZER_NONNULL = YES;
				CLANG_ANALYZER_NUMBER_OBJECT_CONVERSION = YES_AGGRESSIVE;
				CLANG_CXX_LANGUAGE_STANDARD = "gnu++14";
				CLANG_CXX_LIBRARY = "libc++";
				CLANG_ENABLE_MODULES = YES;
				CLANG_ENABLE_OBJC_ARC = YES;
				CLANG_WARN_BLOCK_CAPTURE_AUTORELEASING = YES;
				CLANG_WARN_BOOL_CONVERSION = YES;
				CLANG_WARN_COMMA = YES;
				CLANG_WARN_CONSTANT_CONVERSION = YES;
				CLANG_WARN_DIRECT_OBJC_ISA_USAGE = YES_ERROR;
				CLANG_WARN_DOCUMENTATION_COMMENTS = YES;
				CLANG_WARN_EMPTY_BODY = YES;
				CLANG_WARN_ENUM_CONVERSION = YES;
				CLANG_WARN_INFINITE_RECURSION = YES;
				CLANG_WARN_INT_CONVERSION = YES;
				CLANG_WARN_NON_LITERAL_NULL_CONVERSION = YES;
				CLANG_WARN_OBJC_LITERAL_CONVERSION = YES;
				CLANG_WARN_OBJC_ROOT_CLASS = YES_ERROR;
				CLANG_WARN_RANGE_LOOP_ANALYSIS = YES;
				CLANG_WARN_STRICT_PROTOTYPES = YES;
				CLANG_WARN_SUSPICIOUS_MOVE = YES;
				CLANG_WARN_UNGUARDED_AVAILABILITY = YES_AGGRESSIVE;
				CLANG_WARN_UNREACHABLE_CODE = YES;
				CLANG_WARN__DUPLICATE_METHOD_MATCH = YES;
				CODE_SIGN_IDENTITY = "iPhone Developer";
				COPY_PHASE_STRIP = NO;
				DEBUG_INFORMATION_FORMAT = dwarf;
				ENABLE_STRICT_OBJC_MSGSEND = YES;
				ENABLE_TESTABILITY = YES;
				GCC_C_LANGUAGE_STANDARD = gnu11;
				GCC_DYNAMIC_NO_PIC = NO;
				GCC_NO_COMMON_BLOCKS = YES;
				GCC_OPTIMIZATION_LEVEL = 0;
				GCC_PREPROCESSOR_DEFINITIONS = (
					"DEBUG=1",
					"$(inherited)",
				);
				GCC_WARN_64_TO_32_BIT_CONVERSION = YES;
				GCC_WARN_ABOUT_RETURN_TYPE = YES_ERROR;
				GCC_WARN_UNDECLARED_SELECTOR = YES;
				GCC_WARN_UNINITIALIZED_AUTOS = YES_AGGRESSIVE;
				GCC_WARN_UNUSED_FUNCTION = YES;
				GCC_WARN_UNUSED_VARIABLE = YES;
				IPHONEOS_DEPLOYMENT_TARGET = 11.0;
				MTL_ENABLE_DEBUG_INFO = YES;
				ONLY_ACTIVE_ARCH = YES;
				SDKROOT = iphoneos;
				SWIFT_ACTIVE_COMPILATION_CONDITIONS = DEBUG;
				SWIFT_OPTIMIZATION_LEVEL = "-Onone";
			};
			name = Debug;
		};
		56B5B7561F2D1EF700768887 /* Release */ = {
			isa = XCBuildConfiguration;
			buildSettings = {
				ALWAYS_SEARCH_USER_PATHS = NO;
				CLANG_ANALYZER_NONNULL = YES;
				CLANG_ANALYZER_NUMBER_OBJECT_CONVERSION = YES_AGGRESSIVE;
				CLANG_CXX_LANGUAGE_STANDARD = "gnu++14";
				CLANG_CXX_LIBRARY = "libc++";
				CLANG_ENABLE_MODULES = YES;
				CLANG_ENABLE_OBJC_ARC = YES;
				CLANG_WARN_BLOCK_CAPTURE_AUTORELEASING = YES;
				CLANG_WARN_BOOL_CONVERSION = YES;
				CLANG_WARN_COMMA = YES;
				CLANG_WARN_CONSTANT_CONVERSION = YES;
				CLANG_WARN_DIRECT_OBJC_ISA_USAGE = YES_ERROR;
				CLANG_WARN_DOCUMENTATION_COMMENTS = YES;
				CLANG_WARN_EMPTY_BODY = YES;
				CLANG_WARN_ENUM_CONVERSION = YES;
				CLANG_WARN_INFINITE_RECURSION = YES;
				CLANG_WARN_INT_CONVERSION = YES;
				CLANG_WARN_NON_LITERAL_NULL_CONVERSION = YES;
				CLANG_WARN_OBJC_LITERAL_CONVERSION = YES;
				CLANG_WARN_OBJC_ROOT_CLASS = YES_ERROR;
				CLANG_WARN_RANGE_LOOP_ANALYSIS = YES;
				CLANG_WARN_STRICT_PROTOTYPES = YES;
				CLANG_WARN_SUSPICIOUS_MOVE = YES;
				CLANG_WARN_UNGUARDED_AVAILABILITY = YES_AGGRESSIVE;
				CLANG_WARN_UNREACHABLE_CODE = YES;
				CLANG_WARN__DUPLICATE_METHOD_MATCH = YES;
				CODE_SIGN_IDENTITY = "iPhone Developer";
				COPY_PHASE_STRIP = NO;
				DEBUG_INFORMATION_FORMAT = "dwarf-with-dsym";
				ENABLE_NS_ASSERTIONS = NO;
				ENABLE_STRICT_OBJC_MSGSEND = YES;
				GCC_C_LANGUAGE_STANDARD = gnu11;
				GCC_NO_COMMON_BLOCKS = YES;
				GCC_WARN_64_TO_32_BIT_CONVERSION = YES;
				GCC_WARN_ABOUT_RETURN_TYPE = YES_ERROR;
				GCC_WARN_UNDECLARED_SELECTOR = YES;
				GCC_WARN_UNINITIALIZED_AUTOS = YES_AGGRESSIVE;
				GCC_WARN_UNUSED_FUNCTION = YES;
				GCC_WARN_UNUSED_VARIABLE = YES;
				IPHONEOS_DEPLOYMENT_TARGET = 11.0;
				MTL_ENABLE_DEBUG_INFO = NO;
				SDKROOT = iphoneos;
				SWIFT_OPTIMIZATION_LEVEL = "-Owholemodule";
				VALIDATE_PRODUCT = YES;
			};
			name = Release;
		};
		56B5B7581F2D1EF700768887 /* Debug */ = {
			isa = XCBuildConfiguration;
			buildSettings = {
				ASSETCATALOG_COMPILER_APPICON_NAME = AppIcon;
				DEVELOPMENT_TEAM = U4T3RQVCBL;
				INFOPLIST_FILE = "eins zwei drei app/Info.plist";
				LD_RUNPATH_SEARCH_PATHS = "$(inherited) @executable_path/Frameworks";
				PRODUCT_BUNDLE_IDENTIFIER = "com.CharlesKenney.eins-zwei-drei-app";
				PRODUCT_NAME = "$(TARGET_NAME)";
				SWIFT_VERSION = 4.0;
				TARGETED_DEVICE_FAMILY = "1,2";
			};
			name = Debug;
		};
		56B5B7591F2D1EF700768887 /* Release */ = {
			isa = XCBuildConfiguration;
			buildSettings = {
				ASSETCATALOG_COMPILER_APPICON_NAME = AppIcon;
				DEVELOPMENT_TEAM = U4T3RQVCBL;
				INFOPLIST_FILE = "eins zwei drei app/Info.plist";
				LD_RUNPATH_SEARCH_PATHS = "$(inherited) @executable_path/Frameworks";
				PRODUCT_BUNDLE_IDENTIFIER = "com.CharlesKenney.eins-zwei-drei-app";
				PRODUCT_NAME = "$(TARGET_NAME)";
				SWIFT_VERSION = 4.0;
				TARGETED_DEVICE_FAMILY = "1,2";
			};
			name = Release;
		};
		56B5B75B1F2D1EF700768887 /* Debug */ = {
			isa = XCBuildConfiguration;
			buildSettings = {
				ALWAYS_EMBED_SWIFT_STANDARD_LIBRARIES = YES;
				BUNDLE_LOADER = "$(TEST_HOST)";
				DEVELOPMENT_TEAM = U4T3RQVCBL;
				INFOPLIST_FILE = "eins zwei drei appTests/Info.plist";
				LD_RUNPATH_SEARCH_PATHS = "$(inherited) @executable_path/Frameworks @loader_path/Frameworks";
				PRODUCT_BUNDLE_IDENTIFIER = "com.CharlesKenney.eins-zwei-drei-appTests";
				PRODUCT_NAME = "$(TARGET_NAME)";
				SWIFT_VERSION = 4.0;
				TARGETED_DEVICE_FAMILY = "1,2";
				TEST_HOST = "$(BUILT_PRODUCTS_DIR)/eins zwei drei app.app/eins zwei drei app";
			};
			name = Debug;
		};
		56B5B75C1F2D1EF700768887 /* Release */ = {
			isa = XCBuildConfiguration;
			buildSettings = {
				ALWAYS_EMBED_SWIFT_STANDARD_LIBRARIES = YES;
				BUNDLE_LOADER = "$(TEST_HOST)";
				DEVELOPMENT_TEAM = U4T3RQVCBL;
				INFOPLIST_FILE = "eins zwei drei appTests/Info.plist";
				LD_RUNPATH_SEARCH_PATHS = "$(inherited) @executable_path/Frameworks @loader_path/Frameworks";
				PRODUCT_BUNDLE_IDENTIFIER = "com.CharlesKenney.eins-zwei-drei-appTests";
				PRODUCT_NAME = "$(TARGET_NAME)";
				SWIFT_VERSION = 4.0;
				TARGETED_DEVICE_FAMILY = "1,2";
				TEST_HOST = "$(BUILT_PRODUCTS_DIR)/eins zwei drei app.app/eins zwei drei app";
			};
			name = Release;
		};
		56B5B75E1F2D1EF700768887 /* Debug */ = {
			isa = XCBuildConfiguration;
			buildSettings = {
				ALWAYS_EMBED_SWIFT_STANDARD_LIBRARIES = YES;
				DEVELOPMENT_TEAM = U4T3RQVCBL;
				INFOPLIST_FILE = "eins zwei drei appUITests/Info.plist";
				LD_RUNPATH_SEARCH_PATHS = "$(inherited) @executable_path/Frameworks @loader_path/Frameworks";
				PRODUCT_BUNDLE_IDENTIFIER = "com.CharlesKenney.eins-zwei-drei-appUITests";
				PRODUCT_NAME = "$(TARGET_NAME)";
				SWIFT_VERSION = 4.0;
				TARGETED_DEVICE_FAMILY = "1,2";
				TEST_TARGET_NAME = "eins zwei drei app";
			};
			name = Debug;
		};
		56B5B75F1F2D1EF700768887 /* Release */ = {
			isa = XCBuildConfiguration;
			buildSettings = {
				ALWAYS_EMBED_SWIFT_STANDARD_LIBRARIES = YES;
				DEVELOPMENT_TEAM = U4T3RQVCBL;
				INFOPLIST_FILE = "eins zwei drei appUITests/Info.plist";
				LD_RUNPATH_SEARCH_PATHS = "$(inherited) @executable_path/Frameworks @loader_path/Frameworks";
				PRODUCT_BUNDLE_IDENTIFIER = "com.CharlesKenney.eins-zwei-drei-appUITests";
				PRODUCT_NAME = "$(TARGET_NAME)";
				SWIFT_VERSION = 4.0;
				TARGETED_DEVICE_FAMILY = "1,2";
				TEST_TARGET_NAME = "eins zwei drei app";
			};
			name = Release;
		};
/* End XCBuildConfiguration section */

/* Begin XCConfigurationList section */
		56B5B72A1F2D1EF600768887 /* Build configuration list for PBXProject "eins zwei drei app" */ = {
			isa = XCConfigurationList;
			buildConfigurations = (
				56B5B7551F2D1EF700768887 /* Debug */,
				56B5B7561F2D1EF700768887 /* Release */,
			);
			defaultConfigurationIsVisible = 0;
			defaultConfigurationName = Release;
		};
		56B5B7571F2D1EF700768887 /* Build configuration list for PBXNativeTarget "eins zwei drei app" */ = {
			isa = XCConfigurationList;
			buildConfigurations = (
				56B5B7581F2D1EF700768887 /* Debug */,
				56B5B7591F2D1EF700768887 /* Release */,
			);
			defaultConfigurationIsVisible = 0;
			defaultConfigurationName = Release;
		};
		56B5B75A1F2D1EF700768887 /* Build configuration list for PBXNativeTarget "eins zwei drei appTests" */ = {
			isa = XCConfigurationList;
			buildConfigurations = (
				56B5B75B1F2D1EF700768887 /* Debug */,
				56B5B75C1F2D1EF700768887 /* Release */,
			);
			defaultConfigurationIsVisible = 0;
			defaultConfigurationName = Release;
		};
		56B5B75D1F2D1EF700768887 /* Build configuration list for PBXNativeTarget "eins zwei drei appUITests" */ = {
			isa = XCConfigurationList;
			buildConfigurations = (
				56B5B75E1F2D1EF700768887 /* Debug */,
				56B5B75F1F2D1EF700768887 /* Release */,
			);
			defaultConfigurationIsVisible = 0;
			defaultConfigurationName = Release;
		};
/* End XCConfigurationList section */
	};
	rootObject = 56B5B7271F2D1EF600768887 /* Project object */;
}
